{
    "_readme": [
        "This file locks the dependencies of your project to a known state",
        "Read more about it at https://getcomposer.org/doc/01-basic-usage.md#installing-dependencies",
        "This file is @generated automatically"
    ],
    "content-hash": "4c7a910d793254d8522611b7f52ddb65",
    "packages": [],
    "packages-dev": [
        {
            "name": "symplify/easy-coding-standard",
            "version": "13.3.2",
            "source": {
                "type": "git",
                "url": "https://github.com/ecsphp/ecs.git",
                "reference": "91848a91bfe688ee2c597c5d9f03d47c8855c743"
            },
            "dist": {
                "type": "zip",
                "url": "https://api.github.com/repos/ecsphp/ecs/zipball/91848a91bfe688ee2c597c5d9f03d47c8855c743",
                "reference": "91848a91bfe688ee2c597c5d9f03d47c8855c743",
                "shasum": ""
            },
            "require": {
                "php": ">=7.2"
            },
            "conflict": {
                "friendsofphp/php-cs-fixer": "<3.95.20",
                "phpcsstandards/php_codesniffer": "<4.0.4",
                "symplify/coding-standard": "<13.0"
            },
            "bin": [
                "bin/ecs"
            ],
            "type": "library",
            "autoload": {
                "files": [
                    "bootstrap.php"
                ]
            },
            "notification-url": "https://packagist.org/downloads/",
            "license": [
                "MIT"
            ],
            "description": "Use Coding Standard with 0-knowledge of PHP-CS-Fixer and PHP_CodeSniffer",
            "keywords": [
                "Code style",
                "automation",
                "fixer",
                "static analysis"
            ],
            "support": {
                "source": "https://github.com/ecsphp/ecs/tree/13.3.2"
            },
            "time": "2026-09-07T09:07:35+00:00"
        }
    ],
    "aliases": [],
    "minimum-stability": "stable",
    "stability-flags": {},
    "prefer-stable": false,
    "prefer-lowest": false,
    "platform": {
        "php": ">=8.3"
    },
    "platform-dev": {},
    "platform-overrides": {
        "php": "8.3"
    },
    "plugin-api-version": "2.9.0"
}
